
Microsoft Visual Studio Solution File, Format Version 12.00
# Visual Studio Version 17
VisualStudioVersion = 17.0.31912.275
MinimumVisualStudioVersion = 10.0.40219.1
Project("{FAE04EC0-301F-11D3-BF4B-00C04F79EFBC}") = "Mod8.2", "Mod8.2\Mod8.2.csproj", "{24F56DBB-3E12-49C9-82BD-CCD335AE43F8}"
EndProject
Global
	GlobalSection(SolutionConfigurationPlatforms) = preSolution
		Debug|Any CPU = Debug|Any CPU
		Release|Any CPU = Release|Any CPU
	EndGlobalSection
	GlobalSection(ProjectConfigurationPlatforms) = postSolution
		{24F56DBB-3E12-49C9-82BD-CCD335AE43F8}.Debug|Any CPU.ActiveCfg = Debug|Any CPU
		{24F56DBB-3E12-49C9-82BD-CCD335AE43F8}.Debug|Any CPU.Build.0 = Debug|Any CPU
		{24F56DBB-3E12-49C9-82BD-CCD335AE43F8}.Release|Any CPU.ActiveCfg = Release|Any CPU
		{24F56DBB-3E12-49C9-82BD-CCD335AE43F8}.Release|Any CPU.Build.0 = Release|Any CPU
	EndGlobalSection
	GlobalSection(SolutionProperties) = preSolution
		HideSolutionNode = FALSE
	EndGlobalSection
	GlobalSection(ExtensibilityGlobals) = postSolution
		SolutionGuid = {DF8C5292-69C0-493C-BE9A-71C4DEA65FAA}
	EndGlobalSection
EndGlobal
